// !$*UTF8*$!
{
	archiveVersion = 1;
	classes = {
	};
	objectVersion = 55;
	objects = {

/* Begin PBXBuildFile section */
		84EE81BD287C42820085A716 /* WeatherAnimateApp.swift in Sources */ = {isa = PBXBuildFile; fileRef = 84EE81BC287C42820085A716 /* WeatherAnimateApp.swift */; };
		84EE81BF287C42820085A716 /* ContentView.swift in Sources */ = {isa = PBXBuildFile; fileRef = 84EE81BE287C42820085A716 /* ContentView.swift */; };
		84EE81C1287C42850085A716 /* Assets.xcassets in Resources */ = {isa = PBXBuildFile; fileRef = 84EE81C0287C42850085A716 /* Assets.xcassets */; };
		84EE81C4287C42850085A716 /* Preview Assets.xcassets in Resources */ = {isa = PBXBuildFile; fileRef = 84EE81C3287C42850085A716 /* Preview Assets.xcassets */; };
		84EE81D2287C449F0085A716 /* Color + Extension.swift in Sources */ = {isa = PBXBuildFile; fileRef = 84EE81D1287C449F0085A716 /* Color + Extension.swift */; };
		84EE81D7287C459C0085A716 /* Shapes.swift in Sources */ = {isa = PBXBuildFile; fileRef = 84EE81D5287C459C0085A716 /* Shapes.swift */; };
		84EE81D8287C459C0085A716 /* ForecastModel.swift in Sources */ = {isa = PBXBuildFile; fileRef = 84EE81D6287C459C0085A716 /* ForecastModel.swift */; };
		84EE81DA287C45EB0085A716 /* HomeView.swift in Sources */ = {isa = PBXBuildFile; fileRef = 84EE81D9287C45EB0085A716 /* HomeView.swift */; };
		84EE81DC287C5D880085A716 /* TabBar.swift in Sources */ = {isa = PBXBuildFile; fileRef = 84EE81DB287C5D880085A716 /* TabBar.swift */; };
		84EE81DF287D7DBA0085A716 /* BottomSheet in Frameworks */ = {isa = PBXBuildFile; productRef = 84EE81DE287D7DBA0085A716 /* BottomSheet */; };
		84EE81E1287D812B0085A716 /* ForecastView.swift in Sources */ = {isa = PBXBuildFile; fileRef = 84EE81E0287D812B0085A716 /* ForecastView.swift */; };
		84EE81E3287D844B0085A716 /* Blur.swift in Sources */ = {isa = PBXBuildFile; fileRef = 84EE81E2287D844B0085A716 /* Blur.swift */; };
		84EE81E5287D85A70085A716 /* View + Extension.swift in Sources */ = {isa = PBXBuildFile; fileRef = 84EE81E4287D85A70085A716 /* View + Extension.swift */; };
		84EE81E7287DBF500085A716 /* SegmentedControl.swift in Sources */ = {isa = PBXBuildFile; fileRef = 84EE81E6287DBF500085A716 /* SegmentedControl.swift */; };
		84EE81E9287ED3160085A716 /* ForecastCard.swift in Sources */ = {isa = PBXBuildFile; fileRef = 84EE81E8287ED3160085A716 /* ForecastCard.swift */; };
		84EE81EB287EF4A10085A716 /* NavigationBar.swift in Sources */ = {isa = PBXBuildFile; fileRef = 84EE81EA287EF4A00085A716 /* NavigationBar.swift */; };
		84EE81ED287EF66E0085A716 /* WeatherView.swift in Sources */ = {isa = PBXBuildFile; fileRef = 84EE81EC287EF66E0085A716 /* WeatherView.swift */; };
		84EE81EF287EF8B90085A716 /* WeatherWidget.swift in Sources */ = {isa = PBXBuildFile; fileRef = 84EE81EE287EF8B90085A716 /* WeatherWidget.swift */; };
/* End PBXBuildFile section */

/* Begin PBXFileReference section */
		84EE81B9287C42820085A716 /* WeatherAnimate.app */ = {isa = PBXFileReference; explicitFileType = wrapper.application; includeInIndex = 0; path = WeatherAnimate.app; sourceTree = BUILT_PRODUCTS_DIR; };
		84EE81BC287C42820085A716 /* WeatherAnimateApp.swift */ = {isa = PBXFileReference; lastKnownFileType = sourcecode.swift; path = WeatherAnimateApp.swift; sourceTree = "<group>"; };
		84EE81BE287C42820085A716 /* ContentView.swift */ = {isa = PBXFileReference; lastKnownFileType = sourcecode.swift; path = ContentView.swift; sourceTree = "<group>"; };
		84EE81C0287C42850085A716 /* Assets.xcassets */ = {isa = PBXFileReference; lastKnownFileType = folder.assetcatalog; path = Assets.xcassets; sourceTree = "<group>"; };
		84EE81C3287C42850085A716 /* Preview Assets.xcassets */ = {isa = PBXFileReference; lastKnownFileType = folder.assetcatalog; path = "Preview Assets.xcassets"; sourceTree = "<group>"; };
		84EE81D1287C449F0085A716 /* Color + Extension.swift */ = {isa = PBXFileReference; lastKnownFileType = sourcecode.swift; path = "Color + Extension.swift"; sourceTree = "<group>"; };
		84EE81D5287C459C0085A716 /* Shapes.swift */ = {isa = PBXFileReference; fileEncoding = 4; lastKnownFileType = sourcecode.swift; path = Shapes.swift; sourceTree = "<group>"; };
		84EE81D6287C459C0085A716 /* ForecastModel.swift */ = {isa = PBXFileReference; fileEncoding = 4; lastKnownFileType = sourcecode.swift; path = ForecastModel.swift; sourceTree = "<group>"; };
		84EE81D9287C45EB0085A716 /* HomeView.swift */ = {isa = PBXFileReference; lastKnownFileType = sourcecode.swift; path = HomeView.swift; sourceTree = "<group>"; };
		84EE81DB287C5D880085A716 /* TabBar.swift */ = {isa = PBXFileReference; lastKnownFileType = sourcecode.swift; path = TabBar.swift; sourceTree = "<group>"; };
		84EE81E0287D812B0085A716 /* ForecastView.swift */ = {isa = PBXFileReference; lastKnownFileType = sourcecode.swift; path = ForecastView.swift; sourceTree = "<group>"; };
		84EE81E2287D844B0085A716 /* Blur.swift */ = {isa = PBXFileReference; lastKnownFileType = sourcecode.swift; path = Blur.swift; sourceTree = "<group>"; };
		84EE81E4287D85A70085A716 /* View + Extension.swift */ = {isa = PBXFileReference; lastKnownFileType = sourcecode.swift; path = "View + Extension.swift"; sourceTree = "<group>"; };
		84EE81E6287DBF500085A716 /* SegmentedControl.swift */ = {isa = PBXFileReference; lastKnownFileType = sourcecode.swift; path = SegmentedControl.swift; sourceTree = "<group>"; };
		84EE81E8287ED3160085A716 /* ForecastCard.swift */ = {isa = PBXFileReference; lastKnownFileType = sourcecode.swift; path = ForecastCard.swift; sourceTree = "<group>"; };
		84EE81EA287EF4A00085A716 /* NavigationBar.swift */ = {isa = PBXFileReference; lastKnownFileType = sourcecode.swift; path = NavigationBar.swift; sourceTree = "<group>"; };
		84EE81EC287EF66E0085A716 /* WeatherView.swift */ = {isa = PBXFileReference; lastKnownFileType = sourcecode.swift; path = WeatherView.swift; sourceTree = "<group>"; };
		84EE81EE287EF8B90085A716 /* WeatherWidget.swift */ = {isa = PBXFileReference; lastKnownFileType = sourcecode.swift; path = WeatherWidget.swift; sourceTree = "<group>"; };
/* End PBXFileReference section */

/* Begin PBXFrameworksBuildPhase section */
		84EE81B6287C42820085A716 /* Frameworks */ = {
			isa = PBXFrameworksBuildPhase;
			buildActionMask = 2147483647;
			files = (
				84EE81DF287D7DBA0085A716 /* BottomSheet in Frameworks */,
			);
			runOnlyForDeploymentPostprocessing = 0;
		};
/* End PBXFrameworksBuildPhase section */

/* Begin PBXGroup section */
		84EE81B0287C42820085A716 = {
			isa = PBXGroup;
			children = (
				84EE81BB287C42820085A716 /* WeatherAnimate */,
				84EE81BA287C42820085A716 /* Products */,
			);
			sourceTree = "<group>";
		};
		84EE81BA287C42820085A716 /* Products */ = {
			isa = PBXGroup;
			children = (
				84EE81B9287C42820085A716 /* WeatherAnimate.app */,
			);
			name = Products;
			sourceTree = "<group>";
		};
		84EE81BB287C42820085A716 /* WeatherAnimate */ = {
			isa = PBXGroup;
			children = (
				84EE81BC287C42820085A716 /* WeatherAnimateApp.swift */,
				84EE81CA287C43E40085A716 /* Views */,
				84EE81CC287C43F60085A716 /* Models */,
				84EE81CB287C43EC0085A716 /* Utils */,
				84EE81C0287C42850085A716 /* Assets.xcassets */,
				84EE81C2287C42850085A716 /* Preview Content */,
			);
			path = WeatherAnimate;
			sourceTree = "<group>";
		};
		84EE81C2287C42850085A716 /* Preview Content */ = {
			isa = PBXGroup;
			children = (
				84EE81C3287C42850085A716 /* Preview Assets.xcassets */,
			);
			path = "Preview Content";
			sourceTree = "<group>";
		};
		84EE81CA287C43E40085A716 /* Views */ = {
			isa = PBXGroup;
			children = (
				84EE81CD287C44070085A716 /* Main */,
				84EE81CE287C440D0085A716 /* Navigation */,
				84EE81CF287C44140085A716 /* Detail */,
				84EE81D0287C441A0085A716 /* Components */,
			);
			path = Views;
			sourceTree = "<group>";
		};
		84EE81CB287C43EC0085A716 /* Utils */ = {
			isa = PBXGroup;
			children = (
				84EE81D5287C459C0085A716 /* Shapes.swift */,
				84EE81D1287C449F0085A716 /* Color + Extension.swift */,
				84EE81E4287D85A70085A716 /* View + Extension.swift */,
			);
			path = Utils;
			sourceTree = "<group>";
		};
		84EE81CC287C43F60085A716 /* Models */ = {
			isa = PBXGroup;
			children = (
				84EE81D6287C459C0085A716 /* ForecastModel.swift */,
			);
			path = Models;
			sourceTree = "<group>";
		};
		84EE81CD287C44070085A716 /* Main */ = {
			isa = PBXGroup;
			children = (
				84EE81BE287C42820085A716 /* ContentView.swift */,
				84EE81D9287C45EB0085A716 /* HomeView.swift */,
			);
			path = Main;
			sourceTree = "<group>";
		};
		84EE81CE287C440D0085A716 /* Navigation */ = {
			isa = PBXGroup;
			children = (
				84EE81DB287C5D880085A716 /* TabBar.swift */,
				84EE81EA287EF4A00085A716 /* NavigationBar.swift */,
			);
			path = Navigation;
			sourceTree = "<group>";
		};
		84EE81CF287C44140085A716 /* Detail */ = {
			isa = PBXGroup;
			children = (
				84EE81E0287D812B0085A716 /* ForecastView.swift */,
				84EE81EC287EF66E0085A716 /* WeatherView.swift */,
			);
			path = Detail;
			sourceTree = "<group>";
		};
		84EE81D0287C441A0085A716 /* Components */ = {
			isa = PBXGroup;
			children = (
				84EE81E2287D844B0085A716 /* Blur.swift */,
				84EE81E6287DBF500085A716 /* SegmentedControl.swift */,
				84EE81E8287ED3160085A716 /* ForecastCard.swift */,
				84EE81EE287EF8B90085A716 /* WeatherWidget.swift */,
			);
			path = Components;
			sourceTree = "<group>";
		};
/* End PBXGroup section */

/* Begin PBXNativeTarget section */
		84EE81B8287C42820085A716 /* WeatherAnimate */ = {
			isa = PBXNativeTarget;
			buildConfigurationList = 84EE81C7287C42850085A716 /* Build configuration list for PBXNativeTarget "WeatherAnimate" */;
			buildPhases = (
				84EE81B5287C42820085A716 /* Sources */,
				84EE81B6287C42820085A716 /* Frameworks */,
				84EE81B7287C42820085A716 /* Resources */,
			);
			buildRules = (
			);
			dependencies = (
			);
			name = WeatherAnimate;
			packageProductDependencies = (
				84EE81DE287D7DBA0085A716 /* BottomSheet */,
			);
			productName = WeatherAnimate;
			productReference = 84EE81B9287C42820085A716 /* WeatherAnimate.app */;
			productType = "com.apple.product-type.application";
		};
/* End PBXNativeTarget section */

/* Begin PBXProject section */
		84EE81B1287C42820085A716 /* Project object */ = {
			isa = PBXProject;
			attributes = {
				BuildIndependentTargetsInParallel = 1;
				LastSwiftUpdateCheck = 1320;
				LastUpgradeCheck = 1320;
				TargetAttributes = {
					84EE81B8287C42820085A716 = {
						CreatedOnToolsVersion = 13.2.1;
					};
				};
			};
			buildConfigurationList = 84EE81B4287C42820085A716 /* Build configuration list for PBXProject "WeatherAnimate" */;
			compatibilityVersion = "Xcode 13.0";
			developmentRegion = en;
			hasScannedForEncodings = 0;
			knownRegions = (
				en,
				Base,
			);
			mainGroup = 84EE81B0287C42820085A716;
			packageReferences = (
				84EE81DD287D7DBA0085A716 /* XCRemoteSwiftPackageReference "BottomSheet" */,
			);
			productRefGroup = 84EE81BA287C42820085A716 /* Products */;
			projectDirPath = "";
			projectRoot = "";
			targets = (
				84EE81B8287C42820085A716 /* WeatherAnimate */,
			);
		};
/* End PBXProject section */

/* Begin PBXResourcesBuildPhase section */
		84EE81B7287C42820085A716 /* Resources */ = {
			isa = PBXResourcesBuildPhase;
			buildActionMask = 2147483647;
			files = (
				84EE81C4287C42850085A716 /* Preview Assets.xcassets in Resources */,
				84EE81C1287C42850085A716 /* Assets.xcassets in Resources */,
			);
			runOnlyForDeploymentPostprocessing = 0;
		};
/* End PBXResourcesBuildPhase section */

/* Begin PBXSourcesBuildPhase section */
		84EE81B5287C42820085A716 /* Sources */ = {
			isa = PBXSourcesBuildPhase;
			buildActionMask = 2147483647;
			files = (
				84EE81DA287C45EB0085A716 /* HomeView.swift in Sources */,
				84EE81BF287C42820085A716 /* ContentView.swift in Sources */,
				84EE81E9287ED3160085A716 /* ForecastCard.swift in Sources */,
				84EE81E7287DBF500085A716 /* SegmentedControl.swift in Sources */,
				84EE81EB287EF4A10085A716 /* NavigationBar.swift in Sources */,
				84EE81EF287EF8B90085A716 /* WeatherWidget.swift in Sources */,
				84EE81ED287EF66E0085A716 /* WeatherView.swift in Sources */,
				84EE81BD287C42820085A716 /* WeatherAnimateApp.swift in Sources */,
				84EE81D2287C449F0085A716 /* Color + Extension.swift in Sources */,
				84EE81D8287C459C0085A716 /* ForecastModel.swift in Sources */,
				84EE81D7287C459C0085A716 /* Shapes.swift in Sources */,
				84EE81E3287D844B0085A716 /* Blur.swift in Sources */,
				84EE81DC287C5D880085A716 /* TabBar.swift in Sources */,
				84EE81E5287D85A70085A716 /* View + Extension.swift in Sources */,
				84EE81E1287D812B0085A716 /* ForecastView.swift in Sources */,
			);
			runOnlyForDeploymentPostprocessing = 0;
		};
/* End PBXSourcesBuildPhase section */

/* Begin XCBuildConfiguration section */
		84EE81C5287C42850085A716 /* Debug */ = {
			isa = XCBuildConfiguration;
			buildSettings = {
				ALWAYS_SEARCH_USER_PATHS = NO;
				CLANG_ANALYZER_NONNULL = YES;
				CLANG_ANALYZER_NUMBER_OBJECT_CONVERSION = YES_AGGRESSIVE;
				CLANG_CXX_LANGUAGE_STANDARD = "gnu++17";
				CLANG_CXX_LIBRARY = "libc++";
				CLANG_ENABLE_MODULES = YES;
				CLANG_ENABLE_OBJC_ARC = YES;
				CLANG_ENABLE_OBJC_WEAK = YES;
				CLANG_WARN_BLOCK_CAPTURE_AUTORELEASING = YES;
				CLANG_WARN_BOOL_CONVERSION = YES;
				CLANG_WARN_COMMA = YES;
				CLANG_WARN_CONSTANT_CONVERSION = YES;
				CLANG_WARN_DEPRECATED_OBJC_IMPLEMENTATIONS = YES;
				CLANG_WARN_DIRECT_OBJC_ISA_USAGE = YES_ERROR;
				CLANG_WARN_DOCUMENTATION_COMMENTS = YES;
				CLANG_WARN_EMPTY_BODY = YES;
				CLANG_WARN_ENUM_CONVERSION = YES;
				CLANG_WARN_INFINITE_RECURSION = YES;
				CLANG_WARN_INT_CONVERSION = YES;
				CLANG_WARN_NON_LITERAL_NULL_CONVERSION = YES;
				CLANG_WARN_OBJC_IMPLICIT_RETAIN_SELF = YES;
				CLANG_WARN_OBJC_LITERAL_CONVERSION = YES;
				CLANG_WARN_OBJC_ROOT_CLASS = YES_ERROR;
				CLANG_WARN_QUOTED_INCLUDE_IN_FRAMEWORK_HEADER = YES;
				CLANG_WARN_RANGE_LOOP_ANALYSIS = YES;
				CLANG_WARN_STRICT_PROTOTYPES = YES;
				CLANG_WARN_SUSPICIOUS_MOVE = YES;
				CLANG_WARN_UNGUARDED_AVAILABILITY = YES_AGGRESSIVE;
				CLANG_WARN_UNREACHABLE_CODE = YES;
				CLANG_WARN__DUPLICATE_METHOD_MATCH = YES;
				COPY_PHASE_STRIP = NO;
				DEBUG_INFORMATION_FORMAT = dwarf;
				ENABLE_STRICT_OBJC_MSGSEND = YES;
				ENABLE_TESTABILITY = YES;
				GCC_C_LANGUAGE_STANDARD = gnu11;
				GCC_DYNAMIC_NO_PIC = NO;
				GCC_NO_COMMON_BLOCKS = YES;
				GCC_OPTIMIZATION_LEVEL = 0;
				GCC_PREPROCESSOR_DEFINITIONS = (
					"DEBUG=1",
					"$(inherited)",
				);
				GCC_WARN_64_TO_32_BIT_CONVERSION = YES;
				GCC_WARN_ABOUT_RETURN_TYPE = YES_ERROR;
				GCC_WARN_UNDECLARED_SELECTOR = YES;
				GCC_WARN_UNINITIALIZED_AUTOS = YES_AGGRESSIVE;
				GCC_WARN_UNUSED_FUNCTION = YES;
				GCC_WARN_UNUSED_VARIABLE = YES;
				IPHONEOS_DEPLOYMENT_TARGET = 15.2;
				MTL_ENABLE_DEBUG_INFO = INCLUDE_SOURCE;
				MTL_FAST_MATH = YES;
				ONLY_ACTIVE_ARCH = YES;
				SDKROOT = iphoneos;
				SWIFT_ACTIVE_COMPILATION_CONDITIONS = DEBUG;
				SWIFT_OPTIMIZATION_LEVEL = "-Onone";
			};
			name = Debug;
		};
		84EE81C6287C42850085A716 /* Release */ = {
			isa = XCBuildConfiguration;
			buildSettings = {
				ALWAYS_SEARCH_USER_PATHS = NO;
				CLANG_ANALYZER_NONNULL = YES;
				CLANG_ANALYZER_NUMBER_OBJECT_CONVERSION = YES_AGGRESSIVE;
				CLANG_CXX_LANGUAGE_STANDARD = "gnu++17";
				CLANG_CXX_LIBRARY = "libc++";
				CLANG_ENABLE_MODULES = YES;
				CLANG_ENABLE_OBJC_ARC = YES;
				CLANG_ENABLE_OBJC_WEAK = YES;
				CLANG_WARN_BLOCK_CAPTURE_AUTORELEASING = YES;
				CLANG_WARN_BOOL_CONVERSION = YES;
				CLANG_WARN_COMMA = YES;
				CLANG_WARN_CONSTANT_CONVERSION = YES;
				CLANG_WARN_DEPRECATED_OBJC_IMPLEMENTATIONS = YES;
				CLANG_WARN_DIRECT_OBJC_ISA_USAGE = YES_ERROR;
				CLANG_WARN_DOCUMENTATION_COMMENTS = YES;
				CLANG_WARN_EMPTY_BODY = YES;
				CLANG_WARN_ENUM_CONVERSION = YES;
				CLANG_WARN_INFINITE_RECURSION = YES;
				CLANG_WARN_INT_CONVERSION = YES;
				CLANG_WARN_NON_LITERAL_NULL_CONVERSION = YES;
				CLANG_WARN_OBJC_IMPLICIT_RETAIN_SELF = YES;
				CLANG_WARN_OBJC_LITERAL_CONVERSION = YES;
				CLANG_WARN_OBJC_ROOT_CLASS = YES_ERROR;
				CLANG_WARN_QUOTED_INCLUDE_IN_FRAMEWORK_HEADER = YES;
				CLANG_WARN_RANGE_LOOP_ANALYSIS = YES;
				CLANG_WARN_STRICT_PROTOTYPES = YES;
				CLANG_WARN_SUSPICIOUS_MOVE = YES;
				CLANG_WARN_UNGUARDED_AVAILABILITY = YES_AGGRESSIVE;
				CLANG_WARN_UNREACHABLE_CODE = YES;
				CLANG_WARN__DUPLICATE_METHOD_MATCH = YES;
				COPY_PHASE_STRIP = NO;
				DEBUG_INFORMATION_FORMAT = "dwarf-with-dsym";
				ENABLE_NS_ASSERTIONS = NO;
				ENABLE_STRICT_OBJC_MSGSEND = YES;
				GCC_C_LANGUAGE_STANDARD = gnu11;
				GCC_NO_COMMON_BLOCKS = YES;
				GCC_WARN_64_TO_32_BIT_CONVERSION = YES;
				GCC_WARN_ABOUT_RETURN_TYPE = YES_ERROR;
				GCC_WARN_UNDECLARED_SELECTOR = YES;
				GCC_WARN_UNINITIALIZED_AUTOS = YES_AGGRESSIVE;
				GCC_WARN_UNUSED_FUNCTION = YES;
				GCC_WARN_UNUSED_VARIABLE = YES;
				IPHONEOS_DEPLOYMENT_TARGET = 15.2;
				MTL_ENABLE_DEBUG_INFO = NO;
				MTL_FAST_MATH = YES;
				SDKROOT = iphoneos;
				SWIFT_COMPILATION_MODE = wholemodule;
				SWIFT_OPTIMIZATION_LEVEL = "-O";
				VALIDATE_PRODUCT = YES;
			};
			name = Release;
		};
		84EE81C8287C42850085A716 /* Debug */ = {
			isa = XCBuildConfiguration;
			buildSettings = {
				ASSETCATALOG_COMPILER_APPICON_NAME = AppIcon;
				ASSETCATALOG_COMPILER_GLOBAL_ACCENT_COLOR_NAME = AccentColor;
				CODE_SIGN_STYLE = Automatic;
				CURRENT_PROJECT_VERSION = 1;
				DEVELOPMENT_ASSET_PATHS = "\"WeatherAnimate/Preview Content\"";
				DEVELOPMENT_TEAM = 45BPS947ZY;
				ENABLE_PREVIEWS = YES;
				GENERATE_INFOPLIST_FILE = YES;
				INFOPLIST_KEY_UIApplicationSceneManifest_Generation = YES;
				INFOPLIST_KEY_UIApplicationSupportsIndirectInputEvents = YES;
				INFOPLIST_KEY_UILaunchScreen_Generation = YES;
				INFOPLIST_KEY_UISupportedInterfaceOrientations_iPad = "UIInterfaceOrientationPortrait UIInterfaceOrientationPortraitUpsideDown UIInterfaceOrientationLandscapeLeft UIInterfaceOrientationLandscapeRight";
				INFOPLIST_KEY_UISupportedInterfaceOrientations_iPhone = "UIInterfaceOrientationPortrait UIInterfaceOrientationLandscapeLeft UIInterfaceOrientationLandscapeRight";
				LD_RUNPATH_SEARCH_PATHS = (
					"$(inherited)",
					"@executable_path/Frameworks",
				);
				MARKETING_VERSION = 1.0;
				PRODUCT_BUNDLE_IDENTIFIER = "com.motivation-4life.WeatherAnimate";
				PRODUCT_NAME = "$(TARGET_NAME)";
				SWIFT_EMIT_LOC_STRINGS = YES;
				SWIFT_VERSION = 5.0;
				TARGETED_DEVICE_FAMILY = "1,2";
			};
			name = Debug;
		};
		84EE81C9287C42850085A716 /* Release */ = {
			isa = XCBuildConfiguration;
			buildSettings = {
				ASSETCATALOG_COMPILER_APPICON_NAME = AppIcon;
				ASSETCATALOG_COMPILER_GLOBAL_ACCENT_COLOR_NAME = AccentColor;
				CODE_SIGN_STYLE = Automatic;
				CURRENT_PROJECT_VERSION = 1;
				DEVELOPMENT_ASSET_PATHS = "\"WeatherAnimate/Preview Content\"";
				DEVELOPMENT_TEAM = 45BPS947ZY;
				ENABLE_PREVIEWS = YES;
				GENERATE_INFOPLIST_FILE = YES;
				INFOPLIST_KEY_UIApplicationSceneManifest_Generation = YES;
				INFOPLIST_KEY_UIApplicationSupportsIndirectInputEvents = YES;
				INFOPLIST_KEY_UILaunchScreen_Generation = YES;
				INFOPLIST_KEY_UISupportedInterfaceOrientations_iPad = "UIInterfaceOrientationPortrait UIInterfaceOrientationPortraitUpsideDown UIInterfaceOrientationLandscapeLeft UIInterfaceOrientationLandscapeRight";
				INFOPLIST_KEY_UISupportedInterfaceOrientations_iPhone = "UIInterfaceOrientationPortrait UIInterfaceOrientationLandscapeLeft UIInterfaceOrientationLandscapeRight";
				LD_RUNPATH_SEARCH_PATHS = (
					"$(inherited)",
					"@executable_path/Frameworks",
				);
				MARKETING_VERSION = 1.0;
				PRODUCT_BUNDLE_IDENTIFIER = "com.motivation-4life.WeatherAnimate";
				PRODUCT_NAME = "$(TARGET_NAME)";
				SWIFT_EMIT_LOC_STRINGS = YES;
				SWIFT_VERSION = 5.0;
				TARGETED_DEVICE_FAMILY = "1,2";
			};
			name = Release;
		};
/* End XCBuildConfiguration section */

/* Begin XCConfigurationList section */
		84EE81B4287C42820085A716 /* Build configuration list for PBXProject "WeatherAnimate" */ = {
			isa = XCConfigurationList;
			buildConfigurations = (
				84EE81C5287C42850085A716 /* Debug */,
				84EE81C6287C42850085A716 /* Release */,
			);
			defaultConfigurationIsVisible = 0;
			defaultConfigurationName = Release;
		};
		84EE81C7287C42850085A716 /* Build configuration list for PBXNativeTarget "WeatherAnimate" */ = {
			isa = XCConfigurationList;
			buildConfigurations = (
				84EE81C8287C42850085A716 /* Debug */,
				84EE81C9287C42850085A716 /* Release */,
			);
			defaultConfigurationIsVisible = 0;
			defaultConfigurationName = Release;
		};
/* End XCConfigurationList section */

/* Begin XCRemoteSwiftPackageReference section */
		84EE81DD287D7DBA0085A716 /* XCRemoteSwiftPackageReference "BottomSheet" */ = {
			isa = XCRemoteSwiftPackageReference;
			repositoryURL = "https://github.com/Wouter125/BottomSheet";
			requirement = {
				kind = upToNextMajorVersion;
				minimumVersion = 1.0.0;
			};
		};
/* End XCRemoteSwiftPackageReference section */

/* Begin XCSwiftPackageProductDependency section */
		84EE81DE287D7DBA0085A716 /* BottomSheet */ = {
			isa = XCSwiftPackageProductDependency;
			package = 84EE81DD287D7DBA0085A716 /* XCRemoteSwiftPackageReference "BottomSheet" */;
			productName = BottomSheet;
		};
/* End XCSwiftPackageProductDependency section */
	};
	rootObject = 84EE81B1287C42820085A716 /* Project object */;
}
